<?xml version="1.0" encoding="utf-8"?>
<Project ToolsVersion="4.0" xmlns="http://schemas.microsoft.com/developer/msbuild/2003">
  <ItemGroup>
    <Filter Include="源文件">
      <UniqueIdentifier>{4FC737F1-C7A5-4376-A066-2A32D752A2FF}</UniqueIdentifier>
      <Extensions>cpp;c;cc;cxx;def;odl;idl;hpj;bat;asm;asmx</Extensions>
    </Filter>
    <Filter Include="头文件">
      <UniqueIdentifier>{93995380-89BD-4b04-88EB-625FBE52EBFB}</UniqueIdentifier>
      <Extensions>h;hpp;hxx;hm;inl;inc;xsd</Extensions>
    </Filter>
    <Filter Include="资源文件">
      <UniqueIdentifier>{67DA6AB6-F800-4c08-8B7A-83BB121AAD01}</UniqueIdentifier>
      <Extensions>rc;ico;cur;bmp;dlg;rc2;rct;bin;rgs;gif;jpg;jpeg;jpe;resx;tiff;tif;png;wav;mfcribbon-ms</Extensions>
    </Filter>
  </ItemGroup>
  <ItemGroup>
    <ClInclude Include="..\..\src\include\log\simp_logger.h">
      <Filter>头文件</Filter>
    </ClInclude>
    <ClInclude Include="..\..\src\common\log\simp_appender.h">
      <Filter>头文件</Filter>
    </ClInclude>
    <ClInclude Include="..\..\src\common\log\simp_appendermanager.h">
      <Filter>头文件</Filter>
    </ClInclude>
    <ClInclude Include="..\..\src\common\log\simp_layout.h">
      <Filter>头文件</Filter>
    </ClInclude>
    <ClInclude Include="..\..\src\common\log\simp_logevent.h">
      <Filter>头文件</Filter>
    </ClInclude>
    <ClInclude Include="..\..\src\common\log\simp_loggerimpl.h">
      <Filter>头文件</Filter>
    </ClInclude>
    <ClInclude Include="..\..\src\include\log\simp_loglevel.h">
      <Filter>头文件</Filter>
    </ClInclude>
    <ClInclude Include="..\..\src\common\log\simp_fileappender.h">
      <Filter>头文件</Filter>
    </ClInclude>
    <ClInclude Include="..\..\src\common\log\simp_defaultlayout.h">
      <Filter>头文件</Filter>
    </ClInclude>
    <ClInclude Include="..\..\src\common\log\simp_consoleappender.h">
      <Filter>头文件</Filter>
    </ClInclude>
  </ItemGroup>
  <ItemGroup>
    <None Include="..\..\src\common\log\CMakeLists.txt" />
  </ItemGroup>
  <ItemGroup>
    <ClCompile Include="..\..\src\common\log\simp_appender.cpp">
      <Filter>源文件</Filter>
    </ClCompile>
    <ClCompile Include="..\..\src\common\log\simp_appendermanager.cpp">
      <Filter>源文件</Filter>
    </ClCompile>
    <ClCompile Include="..\..\src\common\log\simp_layout.cpp">
      <Filter>源文件</Filter>
    </ClCompile>
    <ClCompile Include="..\..\src\common\log\simp_logevent.cpp">
      <Filter>源文件</Filter>
    </ClCompile>
    <ClCompile Include="..\..\src\common\log\simp_logger.cpp">
      <Filter>源文件</Filter>
    </ClCompile>
    <ClCompile Include="..\..\src\common\log\simp_loggerimpl.cpp">
      <Filter>源文件</Filter>
    </ClCompile>
    <ClCompile Include="..\..\src\common\log\simp_consoleappender.cpp">
      <Filter>源文件</Filter>
    </ClCompile>
    <ClCompile Include="..\..\src\common\log\simp_fileappender.cpp">
      <Filter>源文件</Filter>
    </ClCompile>
    <ClCompile Include="..\..\src\common\log\simp_defaultlayout.cpp">
      <Filter>源文件</Filter>
    </ClCompile>
  </ItemGroup>
</Project>